<Solution>
  <Project Path="ETICARET.Business/ETICARET.Business.csproj" Id="a06dd9e1-beab-4f85-bd17-2ea6ef53f72a" />
  <Project Path="ETICARET.DataAccess/ETICARET.DataAccess.csproj" />
  <Project Path="ETICARET.Entities/ETICARET.Entities.csproj" />
  <Project Path="ETICARET.WebUI/ETICARET.WebUI.csproj" Id="66cae923-d8b6-49f4-900f-6c41d98fd83e" />
</Solution>
